
Microsoft Visual Studio Solution File, Format Version 11.00
# Visual Studio 2010
Project("{8BC9CEB8-8B4A-11D0-8D11-00A0C91BC942}") = "1125", "1125\1125.vcxproj", "{3143EBC8-1FE7-4D52-B55C-78AE9B2790FA}"
EndProject
Global
	GlobalSection(SolutionConfigurationPlatforms) = preSolution
		Debug|Win32 = Debug|Win32
		Release|Win32 = Release|Win32
	EndGlobalSection
	GlobalSection(ProjectConfigurationPlatforms) = postSolution
		{3143EBC8-1FE7-4D52-B55C-78AE9B2790FA}.Debug|Win32.ActiveCfg = Debug|Win32
		{3143EBC8-1FE7-4D52-B55C-78AE9B2790FA}.Debug|Win32.Build.0 = Debug|Win32
		{3143EBC8-1FE7-4D52-B55C-78AE9B2790FA}.Release|Win32.ActiveCfg = Release|Win32
		{3143EBC8-1FE7-4D52-B55C-78AE9B2790FA}.Release|Win32.Build.0 = Release|Win32
	EndGlobalSection
	GlobalSection(SolutionProperties) = preSolution
		HideSolutionNode = FALSE
	EndGlobalSection
EndGlobal
