
Microsoft Visual Studio Solution File, Format Version 11.00
# Visual Studio 2010
Project("{8BC9CEB8-8B4A-11D0-8D11-00A0C91BC942}") = "2013136074_4", "2013136074_4\2013136074_4.vcxproj", "{F72D4E8F-8BF7-4B7B-BAB9-AE075ABB0291}"
EndProject
Global
	GlobalSection(SolutionConfigurationPlatforms) = preSolution
		Debug|Win32 = Debug|Win32
		Release|Win32 = Release|Win32
	EndGlobalSection
	GlobalSection(ProjectConfigurationPlatforms) = postSolution
		{F72D4E8F-8BF7-4B7B-BAB9-AE075ABB0291}.Debug|Win32.ActiveCfg = Debug|Win32
		{F72D4E8F-8BF7-4B7B-BAB9-AE075ABB0291}.Debug|Win32.Build.0 = Debug|Win32
		{F72D4E8F-8BF7-4B7B-BAB9-AE075ABB0291}.Release|Win32.ActiveCfg = Release|Win32
		{F72D4E8F-8BF7-4B7B-BAB9-AE075ABB0291}.Release|Win32.Build.0 = Release|Win32
	EndGlobalSection
	GlobalSection(SolutionProperties) = preSolution
		HideSolutionNode = FALSE
	EndGlobalSection
EndGlobal
