
Microsoft Visual Studio Solution File, Format Version 11.00
# Visual Studio 2010
Project("{8BC9CEB8-8B4A-11D0-8D11-00A0C91BC942}") = "ImageTool", "ImageTool\ImageTool.vcxproj", "{29DE276F-1FDE-460F-847C-DD9C65A7D242}"
EndProject
Global
	GlobalSection(SolutionConfigurationPlatforms) = preSolution
		Debug|Win32 = Debug|Win32
		Release|Win32 = Release|Win32
	EndGlobalSection
	GlobalSection(ProjectConfigurationPlatforms) = postSolution
		{29DE276F-1FDE-460F-847C-DD9C65A7D242}.Debug|Win32.ActiveCfg = Debug|Win32
		{29DE276F-1FDE-460F-847C-DD9C65A7D242}.Debug|Win32.Build.0 = Debug|Win32
		{29DE276F-1FDE-460F-847C-DD9C65A7D242}.Release|Win32.ActiveCfg = Release|Win32
		{29DE276F-1FDE-460F-847C-DD9C65A7D242}.Release|Win32.Build.0 = Release|Win32
	EndGlobalSection
	GlobalSection(SolutionProperties) = preSolution
		HideSolutionNode = FALSE
	EndGlobalSection
EndGlobal
