
Microsoft Visual Studio Solution File, Format Version 11.00
# Visual Studio 2010
Project("{8BC9CEB8-8B4A-11D0-8D11-00A0C91BC942}") = "1104", "1104\1104.vcxproj", "{FFBD31B1-931A-42CF-882F-9F6146846D28}"
EndProject
Global
	GlobalSection(SolutionConfigurationPlatforms) = preSolution
		Debug|Win32 = Debug|Win32
		Release|Win32 = Release|Win32
	EndGlobalSection
	GlobalSection(ProjectConfigurationPlatforms) = postSolution
		{FFBD31B1-931A-42CF-882F-9F6146846D28}.Debug|Win32.ActiveCfg = Debug|Win32
		{FFBD31B1-931A-42CF-882F-9F6146846D28}.Debug|Win32.Build.0 = Debug|Win32
		{FFBD31B1-931A-42CF-882F-9F6146846D28}.Release|Win32.ActiveCfg = Release|Win32
		{FFBD31B1-931A-42CF-882F-9F6146846D28}.Release|Win32.Build.0 = Release|Win32
	EndGlobalSection
	GlobalSection(SolutionProperties) = preSolution
		HideSolutionNode = FALSE
	EndGlobalSection
EndGlobal
